
Microsoft Visual Studio Solution File, Format Version 12.00
# Visual Studio 15
VisualStudioVersion = 15.0.26430.6
MinimumVisualStudioVersion = 10.0.40219.1
Project("{FAE04EC0-301F-11D3-BF4B-00C04F79EFBC}") = "ZiKoo", "ZiKoo\ZiKoo.csproj", "{30AC827C-88A9-46C8-BD78-C6605EEC771E}"
EndProject
Project("{FAE04EC0-301F-11D3-BF4B-00C04F79EFBC}") = "ZiKooLibrary", "ZiKooLibrary\ZiKooLibrary.csproj", "{2547541E-8698-4C1A-B8C5-1756AE478FCD}"
EndProject
Global
	GlobalSection(SolutionConfigurationPlatforms) = preSolution
		Debug|Any CPU = Debug|Any CPU
		Release|Any CPU = Release|Any CPU
	EndGlobalSection
	GlobalSection(ProjectConfigurationPlatforms) = postSolution
		{30AC827C-88A9-46C8-BD78-C6605EEC771E}.Debug|Any CPU.ActiveCfg = Debug|Any CPU
		{30AC827C-88A9-46C8-BD78-C6605EEC771E}.Debug|Any CPU.Build.0 = Debug|Any CPU
		{30AC827C-88A9-46C8-BD78-C6605EEC771E}.Release|Any CPU.ActiveCfg = Release|Any CPU
		{30AC827C-88A9-46C8-BD78-C6605EEC771E}.Release|Any CPU.Build.0 = Release|Any CPU
		{2547541E-8698-4C1A-B8C5-1756AE478FCD}.Debug|Any CPU.ActiveCfg = Debug|Any CPU
		{2547541E-8698-4C1A-B8C5-1756AE478FCD}.Debug|Any CPU.Build.0 = Debug|Any CPU
		{2547541E-8698-4C1A-B8C5-1756AE478FCD}.Release|Any CPU.ActiveCfg = Release|Any CPU
		{2547541E-8698-4C1A-B8C5-1756AE478FCD}.Release|Any CPU.Build.0 = Release|Any CPU
	EndGlobalSection
	GlobalSection(SolutionProperties) = preSolution
		HideSolutionNode = FALSE
	EndGlobalSection
	GlobalSection(ExtensibilityGlobals) = postSolution
		SolutionGuid = {DE5D4ECC-7F3A-4AF4-A5ED-6536C1F83D8B}
	EndGlobalSection
EndGlobal
